
Microsoft Visual Studio Solution File, Format Version 12.00
# Visual Studio Version 16
VisualStudioVersion = 16.0.29326.143
MinimumVisualStudioVersion = 10.0.40219.1
Project("{FAE04EC0-301F-11D3-BF4B-00C04F79EFBC}") = "Demo1", "Demo1\Demo1.csproj", "{43FB8F02-9F29-45B7-A302-6BFA17D65667}"
EndProject
Project("{FAE04EC0-301F-11D3-BF4B-00C04F79EFBC}") = "Demo2", "Demo2\Demo2.csproj", "{209D541D-6F92-48A1-812D-13479D862E9E}"
EndProject
Project("{FAE04EC0-301F-11D3-BF4B-00C04F79EFBC}") = "Demo3", "Demo3\Demo3.csproj", "{6E686A08-6B85-419C-8167-1302FD807200}"
EndProject
Project("{FAE04EC0-301F-11D3-BF4B-00C04F79EFBC}") = "Demo4", "Demo4\Demo4.csproj", "{22D1AF6F-51B8-458F-BD1A-D7DD16927765}"
EndProject
Project("{FAE04EC0-301F-11D3-BF4B-00C04F79EFBC}") = "Demo5", "Demo5\Demo5.csproj", "{FF7B24AB-A4D2-4171-8A1B-B465F1F438C2}"
EndProject
Global
	GlobalSection(SolutionConfigurationPlatforms) = preSolution
		Debug|Any CPU = Debug|Any CPU
		Release|Any CPU = Release|Any CPU
	EndGlobalSection
	GlobalSection(ProjectConfigurationPlatforms) = postSolution
		{43FB8F02-9F29-45B7-A302-6BFA17D65667}.Debug|Any CPU.ActiveCfg = Debug|Any CPU
		{43FB8F02-9F29-45B7-A302-6BFA17D65667}.Debug|Any CPU.Build.0 = Debug|Any CPU
		{43FB8F02-9F29-45B7-A302-6BFA17D65667}.Release|Any CPU.ActiveCfg = Release|Any CPU
		{43FB8F02-9F29-45B7-A302-6BFA17D65667}.Release|Any CPU.Build.0 = Release|Any CPU
		{209D541D-6F92-48A1-812D-13479D862E9E}.Debug|Any CPU.ActiveCfg = Debug|Any CPU
		{209D541D-6F92-48A1-812D-13479D862E9E}.Debug|Any CPU.Build.0 = Debug|Any CPU
		{209D541D-6F92-48A1-812D-13479D862E9E}.Release|Any CPU.ActiveCfg = Release|Any CPU
		{209D541D-6F92-48A1-812D-13479D862E9E}.Release|Any CPU.Build.0 = Release|Any CPU
		{6E686A08-6B85-419C-8167-1302FD807200}.Debug|Any CPU.ActiveCfg = Debug|Any CPU
		{6E686A08-6B85-419C-8167-1302FD807200}.Debug|Any CPU.Build.0 = Debug|Any CPU
		{6E686A08-6B85-419C-8167-1302FD807200}.Release|Any CPU.ActiveCfg = Release|Any CPU
		{6E686A08-6B85-419C-8167-1302FD807200}.Release|Any CPU.Build.0 = Release|Any CPU
		{22D1AF6F-51B8-458F-BD1A-D7DD16927765}.Debug|Any CPU.ActiveCfg = Debug|Any CPU
		{22D1AF6F-51B8-458F-BD1A-D7DD16927765}.Debug|Any CPU.Build.0 = Debug|Any CPU
		{22D1AF6F-51B8-458F-BD1A-D7DD16927765}.Release|Any CPU.ActiveCfg = Release|Any CPU
		{22D1AF6F-51B8-458F-BD1A-D7DD16927765}.Release|Any CPU.Build.0 = Release|Any CPU
		{FF7B24AB-A4D2-4171-8A1B-B465F1F438C2}.Debug|Any CPU.ActiveCfg = Debug|Any CPU
		{FF7B24AB-A4D2-4171-8A1B-B465F1F438C2}.Debug|Any CPU.Build.0 = Debug|Any CPU
		{FF7B24AB-A4D2-4171-8A1B-B465F1F438C2}.Release|Any CPU.ActiveCfg = Release|Any CPU
		{FF7B24AB-A4D2-4171-8A1B-B465F1F438C2}.Release|Any CPU.Build.0 = Release|Any CPU
	EndGlobalSection
	GlobalSection(SolutionProperties) = preSolution
		HideSolutionNode = FALSE
	EndGlobalSection
	GlobalSection(ExtensibilityGlobals) = postSolution
		SolutionGuid = {9C505B5B-4C10-4069-A2AF-E841D9A7B56D}
	EndGlobalSection
EndGlobal
